{
  "requires": true,
  "lockfileVersion": 1,
  "dependencies": {
    "materialize-autocomplete": {
      "version": "1.0.7",
      "resolved": "https://registry.npmjs.org/materialize-autocomplete/-/materialize-autocomplete-1.0.7.tgz",
      "integrity": "sha1-bFs0Tn+b8reQsI/vrLrG4iksiaQ="
    },
    "materialize-css": {
      "version": "1.0.0-rc.1",
      "resolved": "https://registry.npmjs.org/materialize-css/-/materialize-css-1.0.0-rc.1.tgz",
      "integrity": "sha512-YzxLgNrkaE6QKMtrjZG3ogQy64S23u3aXvwGEt5JBoGpI1jni9WIM3U8xhuZUtgUjHuCMdRqrRnA5BtUrV0wrg=="
    }
  }
}
